periph.io/x/conn/v3 v3.7.0 h1:f1EXLn4pkf7AEWwkol2gilCNZ0ElY+bxS4WE2PQXfrA=
periph.io/x/conn/v3 v3.7.0/go.mod h1:ypY7UVxgDbP9PJGwFSVelRRagxyXYfttVh7hJZUHEhg=
periph.io/x/devices/v3 v3.7.1 h1:BsExlfYJlZUZoawzpMF7ksgC9f1eBAdqvKRCGvb+VYw=
periph.io/x/devices/v3 v3.7.1/go.mod h1:ezQOe8WknDaMbKZXVwQUQkIauyLyJshwAHkIohHXA94=
periph.io/x/host/v3 v3.8.2 h1:ayKUDzgUCN0g8+/xM9GTkWaOBhSLVcVHGTfjAOi8OsQ=
periph.io/x/host/v3 v3.8.2/go.mod h1:yFL76AesNHR68PboofSWYaQTKmvPXsQH2Apvp/ls/K4=
